
Microsoft Visual Studio Solution File, Format Version 12.00
# Visual Studio Version 17
VisualStudioVersion = 17.13.35818.85 d17.13
MinimumVisualStudioVersion = 10.0.40219.1
Project("{FAE04EC0-301F-11D3-BF4B-00C04F79EFBC}") = "tpmodul4_103022300004", "tpmodul4_103022300004\tpmodul4_103022300004.csproj", "{97AC82A2-1EA7-488B-B76A-0B986AF09556}"
EndProject
Global
	GlobalSection(SolutionConfigurationPlatforms) = preSolution
		Debug|Any CPU = Debug|Any CPU
		Release|Any CPU = Release|Any CPU
	EndGlobalSection
	GlobalSection(ProjectConfigurationPlatforms) = postSolution
		{97AC82A2-1EA7-488B-B76A-0B986AF09556}.Debug|Any CPU.ActiveCfg = Debug|Any CPU
		{97AC82A2-1EA7-488B-B76A-0B986AF09556}.Debug|Any CPU.Build.0 = Debug|Any CPU
		{97AC82A2-1EA7-488B-B76A-0B986AF09556}.Release|Any CPU.ActiveCfg = Release|Any CPU
		{97AC82A2-1EA7-488B-B76A-0B986AF09556}.Release|Any CPU.Build.0 = Release|Any CPU
	EndGlobalSection
	GlobalSection(SolutionProperties) = preSolution
		HideSolutionNode = FALSE
	EndGlobalSection
	GlobalSection(ExtensibilityGlobals) = postSolution
		SolutionGuid = {493BDBAF-CA72-40DF-AF44-7DAE2646A1CC}
	EndGlobalSection
EndGlobal
